// !$*UTF8*$!
{
	archiveVersion = 1;
	classes = {
	};
	objectVersion = 56;
	objects = {

/* Begin PBXBuildFile section */
		1D61AFA5293A2C8C00E7E962 /* ToDoApp.swift in Sources */ = {isa = PBXBuildFile; fileRef = 1D61AFA4293A2C8C00E7E962 /* ToDoApp.swift */; };
		1D61AFA7293A2C8C00E7E962 /* ContentView.swift in Sources */ = {isa = PBXBuildFile; fileRef = 1D61AFA6293A2C8C00E7E962 /* ContentView.swift */; };
		1D61AFA9293A2C8D00E7E962 /* Assets.xcassets in Resources */ = {isa = PBXBuildFile; fileRef = 1D61AFA8293A2C8D00E7E962 /* Assets.xcassets */; };
		1D61AFAC293A2C8D00E7E962 /* Preview Assets.xcassets in Resources */ = {isa = PBXBuildFile; fileRef = 1D61AFAB293A2C8D00E7E962 /* Preview Assets.xcassets */; };
		1D61AFB4293A2D8400E7E962 /* TasksView.swift in Sources */ = {isa = PBXBuildFile; fileRef = 1D61AFB3293A2D8400E7E962 /* TasksView.swift */; };
		1D61AFB8293A2ED000E7E962 /* TaskRow.swift in Sources */ = {isa = PBXBuildFile; fileRef = 1D61AFB7293A2ED000E7E962 /* TaskRow.swift */; };
		1D61AFBA293A2F3F00E7E962 /* AddTaskView.swift in Sources */ = {isa = PBXBuildFile; fileRef = 1D61AFB9293A2F3F00E7E962 /* AddTaskView.swift */; };
		1D61AFBC293A2FC300E7E962 /* SmallAddButton.swift in Sources */ = {isa = PBXBuildFile; fileRef = 1D61AFBB293A2FC300E7E962 /* SmallAddButton.swift */; };
		1D61AFBF293A31DE00E7E962 /* Realm in Frameworks */ = {isa = PBXBuildFile; productRef = 1D61AFBE293A31DE00E7E962 /* Realm */; };
		1D61AFC1293A31DE00E7E962 /* RealmSwift in Frameworks */ = {isa = PBXBuildFile; productRef = 1D61AFC0293A31DE00E7E962 /* RealmSwift */; };
		1D61AFC3293A32BC00E7E962 /* RealmManager.swift in Sources */ = {isa = PBXBuildFile; fileRef = 1D61AFC2293A32BC00E7E962 /* RealmManager.swift */; };
		1D61AFC5293A331900E7E962 /* Task.swift in Sources */ = {isa = PBXBuildFile; fileRef = 1D61AFC4293A331900E7E962 /* Task.swift */; };
/* End PBXBuildFile section */

/* Begin PBXFileReference section */
		1D61AFA1293A2C8C00E7E962 /* ToDo.app */ = {isa = PBXFileReference; explicitFileType = wrapper.application; includeInIndex = 0; path = ToDo.app; sourceTree = BUILT_PRODUCTS_DIR; };
		1D61AFA4293A2C8C00E7E962 /* ToDoApp.swift */ = {isa = PBXFileReference; lastKnownFileType = sourcecode.swift; path = ToDoApp.swift; sourceTree = "<group>"; };
		1D61AFA6293A2C8C00E7E962 /* ContentView.swift */ = {isa = PBXFileReference; lastKnownFileType = sourcecode.swift; path = ContentView.swift; sourceTree = "<group>"; };
		1D61AFA8293A2C8D00E7E962 /* Assets.xcassets */ = {isa = PBXFileReference; lastKnownFileType = folder.assetcatalog; path = Assets.xcassets; sourceTree = "<group>"; };
		1D61AFAB293A2C8D00E7E962 /* Preview Assets.xcassets */ = {isa = PBXFileReference; lastKnownFileType = folder.assetcatalog; path = "Preview Assets.xcassets"; sourceTree = "<group>"; };
		1D61AFB3293A2D8400E7E962 /* TasksView.swift */ = {isa = PBXFileReference; lastKnownFileType = sourcecode.swift; path = TasksView.swift; sourceTree = "<group>"; };
		1D61AFB7293A2ED000E7E962 /* TaskRow.swift */ = {isa = PBXFileReference; lastKnownFileType = sourcecode.swift; path = TaskRow.swift; sourceTree = "<group>"; };
		1D61AFB9293A2F3F00E7E962 /* AddTaskView.swift */ = {isa = PBXFileReference; lastKnownFileType = sourcecode.swift; path = AddTaskView.swift; sourceTree = "<group>"; };
		1D61AFBB293A2FC300E7E962 /* SmallAddButton.swift */ = {isa = PBXFileReference; lastKnownFileType = sourcecode.swift; path = SmallAddButton.swift; sourceTree = "<group>"; };
		1D61AFC2293A32BC00E7E962 /* RealmManager.swift */ = {isa = PBXFileReference; lastKnownFileType = sourcecode.swift; path = RealmManager.swift; sourceTree = "<group>"; };
		1D61AFC4293A331900E7E962 /* Task.swift */ = {isa = PBXFileReference; lastKnownFileType = sourcecode.swift; path = Task.swift; sourceTree = "<group>"; };
/* End PBXFileReference section */

/* Begin PBXFrameworksBuildPhase section */
		1D61AF9E293A2C8C00E7E962 /* Frameworks */ = {
			isa = PBXFrameworksBuildPhase;
			buildActionMask = 2147483647;
			files = (
				1D61AFC1293A31DE00E7E962 /* RealmSwift in Frameworks */,
				1D61AFBF293A31DE00E7E962 /* Realm in Frameworks */,
			);
			runOnlyForDeploymentPostprocessing = 0;
		};
/* End PBXFrameworksBuildPhase section */

/* Begin PBXGroup section */
		1D61AF98293A2C8C00E7E962 = {
			isa = PBXGroup;
			children = (
				1D61AFA3293A2C8C00E7E962 /* ToDo */,
				1D61AFA2293A2C8C00E7E962 /* Products */,
			);
			sourceTree = "<group>";
		};
		1D61AFA2293A2C8C00E7E962 /* Products */ = {
			isa = PBXGroup;
			children = (
				1D61AFA1293A2C8C00E7E962 /* ToDo.app */,
			);
			name = Products;
			sourceTree = "<group>";
		};
		1D61AFA3293A2C8C00E7E962 /* ToDo */ = {
			isa = PBXGroup;
			children = (
				1D61AFA4293A2C8C00E7E962 /* ToDoApp.swift */,
				1D61AFC2293A32BC00E7E962 /* RealmManager.swift */,
				1D61AFC4293A331900E7E962 /* Task.swift */,
				1D61AFB6293A2EAF00E7E962 /* Components */,
				1D61AFB2293A2D6600E7E962 /* Views */,
				1D61AFA8293A2C8D00E7E962 /* Assets.xcassets */,
				1D61AFAA293A2C8D00E7E962 /* Preview Content */,
			);
			path = ToDo;
			sourceTree = "<group>";
		};
		1D61AFAA293A2C8D00E7E962 /* Preview Content */ = {
			isa = PBXGroup;
			children = (
				1D61AFAB293A2C8D00E7E962 /* Preview Assets.xcassets */,
			);
			path = "Preview Content";
			sourceTree = "<group>";
		};
		1D61AFB2293A2D6600E7E962 /* Views */ = {
			isa = PBXGroup;
			children = (
				1D61AFA6293A2C8C00E7E962 /* ContentView.swift */,
				1D61AFB3293A2D8400E7E962 /* TasksView.swift */,
				1D61AFB9293A2F3F00E7E962 /* AddTaskView.swift */,
			);
			path = Views;
			sourceTree = "<group>";
		};
		1D61AFB6293A2EAF00E7E962 /* Components */ = {
			isa = PBXGroup;
			children = (
				1D61AFB7293A2ED000E7E962 /* TaskRow.swift */,
				1D61AFBB293A2FC300E7E962 /* SmallAddButton.swift */,
			);
			path = Components;
			sourceTree = "<group>";
		};
/* End PBXGroup section */

/* Begin PBXNativeTarget section */
		1D61AFA0293A2C8C00E7E962 /* ToDo */ = {
			isa = PBXNativeTarget;
			buildConfigurationList = 1D61AFAF293A2C8D00E7E962 /* Build configuration list for PBXNativeTarget "ToDo" */;
			buildPhases = (
				1D61AF9D293A2C8C00E7E962 /* Sources */,
				1D61AF9E293A2C8C00E7E962 /* Frameworks */,
				1D61AF9F293A2C8C00E7E962 /* Resources */,
			);
			buildRules = (
			);
			dependencies = (
			);
			name = ToDo;
			packageProductDependencies = (
				1D61AFBE293A31DE00E7E962 /* Realm */,
				1D61AFC0293A31DE00E7E962 /* RealmSwift */,
			);
			productName = ToDo;
			productReference = 1D61AFA1293A2C8C00E7E962 /* ToDo.app */;
			productType = "com.apple.product-type.application";
		};
/* End PBXNativeTarget section */

/* Begin PBXProject section */
		1D61AF99293A2C8C00E7E962 /* Project object */ = {
			isa = PBXProject;
			attributes = {
				BuildIndependentTargetsInParallel = 1;
				LastSwiftUpdateCheck = 1410;
				LastUpgradeCheck = 1410;
				TargetAttributes = {
					1D61AFA0293A2C8C00E7E962 = {
						CreatedOnToolsVersion = 14.1;
					};
				};
			};
			buildConfigurationList = 1D61AF9C293A2C8C00E7E962 /* Build configuration list for PBXProject "ToDo" */;
			compatibilityVersion = "Xcode 14.0";
			developmentRegion = en;
			hasScannedForEncodings = 0;
			knownRegions = (
				en,
				Base,
			);
			mainGroup = 1D61AF98293A2C8C00E7E962;
			packageReferences = (
				1D61AFBD293A31DD00E7E962 /* XCRemoteSwiftPackageReference "realm-swift" */,
			);
			productRefGroup = 1D61AFA2293A2C8C00E7E962 /* Products */;
			projectDirPath = "";
			projectRoot = "";
			targets = (
				1D61AFA0293A2C8C00E7E962 /* ToDo */,
			);
		};
/* End PBXProject section */

/* Begin PBXResourcesBuildPhase section */
		1D61AF9F293A2C8C00E7E962 /* Resources */ = {
			isa = PBXResourcesBuildPhase;
			buildActionMask = 2147483647;
			files = (
				1D61AFAC293A2C8D00E7E962 /* Preview Assets.xcassets in Resources */,
				1D61AFA9293A2C8D00E7E962 /* Assets.xcassets in Resources */,
			);
			runOnlyForDeploymentPostprocessing = 0;
		};
/* End PBXResourcesBuildPhase section */

/* Begin PBXSourcesBuildPhase section */
		1D61AF9D293A2C8C00E7E962 /* Sources */ = {
			isa = PBXSourcesBuildPhase;
			buildActionMask = 2147483647;
			files = (
				1D61AFC5293A331900E7E962 /* Task.swift in Sources */,
				1D61AFA7293A2C8C00E7E962 /* ContentView.swift in Sources */,
				1D61AFBA293A2F3F00E7E962 /* AddTaskView.swift in Sources */,
				1D61AFB4293A2D8400E7E962 /* TasksView.swift in Sources */,
				1D61AFBC293A2FC300E7E962 /* SmallAddButton.swift in Sources */,
				1D61AFA5293A2C8C00E7E962 /* ToDoApp.swift in Sources */,
				1D61AFC3293A32BC00E7E962 /* RealmManager.swift in Sources */,
				1D61AFB8293A2ED000E7E962 /* TaskRow.swift in Sources */,
			);
			runOnlyForDeploymentPostprocessing = 0;
		};
/* End PBXSourcesBuildPhase section */

/* Begin XCBuildConfiguration section */
		1D61AFAD293A2C8D00E7E962 /* Debug */ = {
			isa = XCBuildConfiguration;
			buildSettings = {
				ALWAYS_SEARCH_USER_PATHS = NO;
				CLANG_ANALYZER_NONNULL = YES;
				CLANG_ANALYZER_NUMBER_OBJECT_CONVERSION = YES_AGGRESSIVE;
				CLANG_CXX_LANGUAGE_STANDARD = "gnu++20";
				CLANG_ENABLE_MODULES = YES;
				CLANG_ENABLE_OBJC_ARC = YES;
				CLANG_ENABLE_OBJC_WEAK = YES;
				CLANG_WARN_BLOCK_CAPTURE_AUTORELEASING = YES;
				CLANG_WARN_BOOL_CONVERSION = YES;
				CLANG_WARN_COMMA = YES;
				CLANG_WARN_CONSTANT_CONVERSION = YES;
				CLANG_WARN_DEPRECATED_OBJC_IMPLEMENTATIONS = YES;
				CLANG_WARN_DIRECT_OBJC_ISA_USAGE = YES_ERROR;
				CLANG_WARN_DOCUMENTATION_COMMENTS = YES;
				CLANG_WARN_EMPTY_BODY = YES;
				CLANG_WARN_ENUM_CONVERSION = YES;
				CLANG_WARN_INFINITE_RECURSION = YES;
				CLANG_WARN_INT_CONVERSION = YES;
				CLANG_WARN_NON_LITERAL_NULL_CONVERSION = YES;
				CLANG_WARN_OBJC_IMPLICIT_RETAIN_SELF = YES;
				CLANG_WARN_OBJC_LITERAL_CONVERSION = YES;
				CLANG_WARN_OBJC_ROOT_CLASS = YES_ERROR;
				CLANG_WARN_QUOTED_INCLUDE_IN_FRAMEWORK_HEADER = YES;
				CLANG_WARN_RANGE_LOOP_ANALYSIS = YES;
				CLANG_WARN_STRICT_PROTOTYPES = YES;
				CLANG_WARN_SUSPICIOUS_MOVE = YES;
				CLANG_WARN_UNGUARDED_AVAILABILITY = YES_AGGRESSIVE;
				CLANG_WARN_UNREACHABLE_CODE = YES;
				CLANG_WARN__DUPLICATE_METHOD_MATCH = YES;
				COPY_PHASE_STRIP = NO;
				DEBUG_INFORMATION_FORMAT = dwarf;
				ENABLE_STRICT_OBJC_MSGSEND = YES;
				ENABLE_TESTABILITY = YES;
				GCC_C_LANGUAGE_STANDARD = gnu11;
				GCC_DYNAMIC_NO_PIC = NO;
				GCC_NO_COMMON_BLOCKS = YES;
				GCC_OPTIMIZATION_LEVEL = 0;
				GCC_PREPROCESSOR_DEFINITIONS = (
					"DEBUG=1",
					"$(inherited)",
				);
				GCC_WARN_64_TO_32_BIT_CONVERSION = YES;
				GCC_WARN_ABOUT_RETURN_TYPE = YES_ERROR;
				GCC_WARN_UNDECLARED_SELECTOR = YES;
				GCC_WARN_UNINITIALIZED_AUTOS = YES_AGGRESSIVE;
				GCC_WARN_UNUSED_FUNCTION = YES;
				GCC_WARN_UNUSED_VARIABLE = YES;
				IPHONEOS_DEPLOYMENT_TARGET = 16.1;
				MTL_ENABLE_DEBUG_INFO = INCLUDE_SOURCE;
				MTL_FAST_MATH = YES;
				ONLY_ACTIVE_ARCH = YES;
				SDKROOT = iphoneos;
				SWIFT_ACTIVE_COMPILATION_CONDITIONS = DEBUG;
				SWIFT_OPTIMIZATION_LEVEL = "-Onone";
			};
			name = Debug;
		};
		1D61AFAE293A2C8D00E7E962 /* Release */ = {
			isa = XCBuildConfiguration;
			buildSettings = {
				ALWAYS_SEARCH_USER_PATHS = NO;
				CLANG_ANALYZER_NONNULL = YES;
				CLANG_ANALYZER_NUMBER_OBJECT_CONVERSION = YES_AGGRESSIVE;
				CLANG_CXX_LANGUAGE_STANDARD = "gnu++20";
				CLANG_ENABLE_MODULES = YES;
				CLANG_ENABLE_OBJC_ARC = YES;
				CLANG_ENABLE_OBJC_WEAK = YES;
				CLANG_WARN_BLOCK_CAPTURE_AUTORELEASING = YES;
				CLANG_WARN_BOOL_CONVERSION = YES;
				CLANG_WARN_COMMA = YES;
				CLANG_WARN_CONSTANT_CONVERSION = YES;
				CLANG_WARN_DEPRECATED_OBJC_IMPLEMENTATIONS = YES;
				CLANG_WARN_DIRECT_OBJC_ISA_USAGE = YES_ERROR;
				CLANG_WARN_DOCUMENTATION_COMMENTS = YES;
				CLANG_WARN_EMPTY_BODY = YES;
				CLANG_WARN_ENUM_CONVERSION = YES;
				CLANG_WARN_INFINITE_RECURSION = YES;
				CLANG_WARN_INT_CONVERSION = YES;
				CLANG_WARN_NON_LITERAL_NULL_CONVERSION = YES;
				CLANG_WARN_OBJC_IMPLICIT_RETAIN_SELF = YES;
				CLANG_WARN_OBJC_LITERAL_CONVERSION = YES;
				CLANG_WARN_OBJC_ROOT_CLASS = YES_ERROR;
				CLANG_WARN_QUOTED_INCLUDE_IN_FRAMEWORK_HEADER = YES;
				CLANG_WARN_RANGE_LOOP_ANALYSIS = YES;
				CLANG_WARN_STRICT_PROTOTYPES = YES;
				CLANG_WARN_SUSPICIOUS_MOVE = YES;
				CLANG_WARN_UNGUARDED_AVAILABILITY = YES_AGGRESSIVE;
				CLANG_WARN_UNREACHABLE_CODE = YES;
				CLANG_WARN__DUPLICATE_METHOD_MATCH = YES;
				COPY_PHASE_STRIP = NO;
				DEBUG_INFORMATION_FORMAT = "dwarf-with-dsym";
				ENABLE_NS_ASSERTIONS = NO;
				ENABLE_STRICT_OBJC_MSGSEND = YES;
				GCC_C_LANGUAGE_STANDARD = gnu11;
				GCC_NO_COMMON_BLOCKS = YES;
				GCC_WARN_64_TO_32_BIT_CONVERSION = YES;
				GCC_WARN_ABOUT_RETURN_TYPE = YES_ERROR;
				GCC_WARN_UNDECLARED_SELECTOR = YES;
				GCC_WARN_UNINITIALIZED_AUTOS = YES_AGGRESSIVE;
				GCC_WARN_UNUSED_FUNCTION = YES;
				GCC_WARN_UNUSED_VARIABLE = YES;
				IPHONEOS_DEPLOYMENT_TARGET = 16.1;
				MTL_ENABLE_DEBUG_INFO = NO;
				MTL_FAST_MATH = YES;
				SDKROOT = iphoneos;
				SWIFT_COMPILATION_MODE = wholemodule;
				SWIFT_OPTIMIZATION_LEVEL = "-O";
				VALIDATE_PRODUCT = YES;
			};
			name = Release;
		};
		1D61AFB0293A2C8D00E7E962 /* Debug */ = {
			isa = XCBuildConfiguration;
			buildSettings = {
				ASSETCATALOG_COMPILER_APPICON_NAME = AppIcon;
				ASSETCATALOG_COMPILER_GLOBAL_ACCENT_COLOR_NAME = AccentColor;
				CODE_SIGN_STYLE = Automatic;
				CURRENT_PROJECT_VERSION = 1;
				DEVELOPMENT_ASSET_PATHS = "\"ToDo/Preview Content\"";
				ENABLE_PREVIEWS = YES;
				GENERATE_INFOPLIST_FILE = YES;
				INFOPLIST_KEY_UIApplicationSceneManifest_Generation = YES;
				INFOPLIST_KEY_UIApplicationSupportsIndirectInputEvents = YES;
				INFOPLIST_KEY_UILaunchScreen_Generation = YES;
				INFOPLIST_KEY_UISupportedInterfaceOrientations_iPad = "UIInterfaceOrientationPortrait UIInterfaceOrientationPortraitUpsideDown UIInterfaceOrientationLandscapeLeft UIInterfaceOrientationLandscapeRight";
				INFOPLIST_KEY_UISupportedInterfaceOrientations_iPhone = "UIInterfaceOrientationPortrait UIInterfaceOrientationLandscapeLeft UIInterfaceOrientationLandscapeRight";
				LD_RUNPATH_SEARCH_PATHS = (
					"$(inherited)",
					"@executable_path/Frameworks",
				);
				MARKETING_VERSION = 1.0;
				PRODUCT_BUNDLE_IDENTIFIER = zwnep.ToDo;
				PRODUCT_NAME = "$(TARGET_NAME)";
				SWIFT_EMIT_LOC_STRINGS = YES;
				SWIFT_VERSION = 5.0;
				TARGETED_DEVICE_FAMILY = "1,2";
			};
			name = Debug;
		};
		1D61AFB1293A2C8D00E7E962 /* Release */ = {
			isa = XCBuildConfiguration;
			buildSettings = {
				ASSETCATALOG_COMPILER_APPICON_NAME = AppIcon;
				ASSETCATALOG_COMPILER_GLOBAL_ACCENT_COLOR_NAME = AccentColor;
				CODE_SIGN_STYLE = Automatic;
				CURRENT_PROJECT_VERSION = 1;
				DEVELOPMENT_ASSET_PATHS = "\"ToDo/Preview Content\"";
				ENABLE_PREVIEWS = YES;
				GENERATE_INFOPLIST_FILE = YES;
				INFOPLIST_KEY_UIApplicationSceneManifest_Generation = YES;
				INFOPLIST_KEY_UIApplicationSupportsIndirectInputEvents = YES;
				INFOPLIST_KEY_UILaunchScreen_Generation = YES;
				INFOPLIST_KEY_UISupportedInterfaceOrientations_iPad = "UIInterfaceOrientationPortrait UIInterfaceOrientationPortraitUpsideDown UIInterfaceOrientationLandscapeLeft UIInterfaceOrientationLandscapeRight";
				INFOPLIST_KEY_UISupportedInterfaceOrientations_iPhone = "UIInterfaceOrientationPortrait UIInterfaceOrientationLandscapeLeft UIInterfaceOrientationLandscapeRight";
				LD_RUNPATH_SEARCH_PATHS = (
					"$(inherited)",
					"@executable_path/Frameworks",
				);
				MARKETING_VERSION = 1.0;
				PRODUCT_BUNDLE_IDENTIFIER = zwnep.ToDo;
				PRODUCT_NAME = "$(TARGET_NAME)";
				SWIFT_EMIT_LOC_STRINGS = YES;
				SWIFT_VERSION = 5.0;
				TARGETED_DEVICE_FAMILY = "1,2";
			};
			name = Release;
		};
/* End XCBuildConfiguration section */

/* Begin XCConfigurationList section */
		1D61AF9C293A2C8C00E7E962 /* Build configuration list for PBXProject "ToDo" */ = {
			isa = XCConfigurationList;
			buildConfigurations = (
				1D61AFAD293A2C8D00E7E962 /* Debug */,
				1D61AFAE293A2C8D00E7E962 /* Release */,
			);
			defaultConfigurationIsVisible = 0;
			defaultConfigurationName = Release;
		};
		1D61AFAF293A2C8D00E7E962 /* Build configuration list for PBXNativeTarget "ToDo" */ = {
			isa = XCConfigurationList;
			buildConfigurations = (
				1D61AFB0293A2C8D00E7E962 /* Debug */,
				1D61AFB1293A2C8D00E7E962 /* Release */,
			);
			defaultConfigurationIsVisible = 0;
			defaultConfigurationName = Release;
		};
/* End XCConfigurationList section */

/* Begin XCRemoteSwiftPackageReference section */
		1D61AFBD293A31DD00E7E962 /* XCRemoteSwiftPackageReference "realm-swift" */ = {
			isa = XCRemoteSwiftPackageReference;
			repositoryURL = "https://github.com/realm/realm-swift";
			requirement = {
				branch = master;
				kind = branch;
			};
		};
/* End XCRemoteSwiftPackageReference section */

/* Begin XCSwiftPackageProductDependency section */
		1D61AFBE293A31DE00E7E962 /* Realm */ = {
			isa = XCSwiftPackageProductDependency;
			package = 1D61AFBD293A31DD00E7E962 /* XCRemoteSwiftPackageReference "realm-swift" */;
			productName = Realm;
		};
		1D61AFC0293A31DE00E7E962 /* RealmSwift */ = {
			isa = XCSwiftPackageProductDependency;
			package = 1D61AFBD293A31DD00E7E962 /* XCRemoteSwiftPackageReference "realm-swift" */;
			productName = RealmSwift;
		};
/* End XCSwiftPackageProductDependency section */
	};
	rootObject = 1D61AF99293A2C8C00E7E962 /* Project object */;
}
